
Microsoft Visual Studio Solution File, Format Version 12.00
# Visual Studio 14
VisualStudioVersion = 14.0.25420.1
MinimumVisualStudioVersion = 10.0.40219.1
Project("{FAE04EC0-301F-11D3-BF4B-00C04F79EFBC}") = "Overlay.NET", "Overlay.NET\Overlay.NET.csproj", "{2D411EA5-BC00-4630-B25E-43C554323E72}"
EndProject
Project("{FAE04EC0-301F-11D3-BF4B-00C04F79EFBC}") = "Overlay.NET.Demo", "Overlay.NET.Demo\Overlay.NET.Demo.csproj", "{DBC09A34-CD3F-4D2A-8DD4-C768D36284FE}"
EndProject
Global
	GlobalSection(SolutionConfigurationPlatforms) = preSolution
		Debug|Any CPU = Debug|Any CPU
		Release|Any CPU = Release|Any CPU
	EndGlobalSection
	GlobalSection(ProjectConfigurationPlatforms) = postSolution
		{2D411EA5-BC00-4630-B25E-43C554323E72}.Debug|Any CPU.ActiveCfg = Debug|Any CPU
		{2D411EA5-BC00-4630-B25E-43C554323E72}.Debug|Any CPU.Build.0 = Debug|Any CPU
		{2D411EA5-BC00-4630-B25E-43C554323E72}.Release|Any CPU.ActiveCfg = Release|Any CPU
		{2D411EA5-BC00-4630-B25E-43C554323E72}.Release|Any CPU.Build.0 = Release|Any CPU
		{DBC09A34-CD3F-4D2A-8DD4-C768D36284FE}.Debug|Any CPU.ActiveCfg = Debug|Any CPU
		{DBC09A34-CD3F-4D2A-8DD4-C768D36284FE}.Debug|Any CPU.Build.0 = Debug|Any CPU
		{DBC09A34-CD3F-4D2A-8DD4-C768D36284FE}.Release|Any CPU.ActiveCfg = Release|Any CPU
		{DBC09A34-CD3F-4D2A-8DD4-C768D36284FE}.Release|Any CPU.Build.0 = Release|Any CPU
	EndGlobalSection
	GlobalSection(SolutionProperties) = preSolution
		HideSolutionNode = FALSE
	EndGlobalSection
EndGlobal
